
Microsoft Visual Studio Solution File, Format Version 12.00
# Visual Studio 2015
Project("{FAE04EC0-301F-11D3-BF4B-00C04F79EFBC}") = "FoodPong.CSharp", "FoodPong.CSharp.csproj", "{D3B46FE1-79F0-A885-3697-55433519F0E7}"
EndProject
Project("{FAE04EC0-301F-11D3-BF4B-00C04F79EFBC}") = "FoodPong.CSharp.Editor", "FoodPong.CSharp.Editor.csproj", "{FAFF254E-8423-B818-D343-445E99F9E687}"
EndProject
Global
	GlobalSection(SolutionConfigurationPlatforms) = preSolution
		Debug|Any CPU = Debug|Any CPU
		Release|Any CPU = Release|Any CPU
	EndGlobalSection
	GlobalSection(ProjectConfigurationPlatforms) = postSolution
		{D3B46FE1-79F0-A885-3697-55433519F0E7}.Debug|Any CPU.ActiveCfg = Debug|Any CPU
		{D3B46FE1-79F0-A885-3697-55433519F0E7}.Debug|Any CPU.Build.0 = Debug|Any CPU
		{D3B46FE1-79F0-A885-3697-55433519F0E7}.Release|Any CPU.ActiveCfg = Release|Any CPU
		{D3B46FE1-79F0-A885-3697-55433519F0E7}.Release|Any CPU.Build.0 = Release|Any CPU
		{FAFF254E-8423-B818-D343-445E99F9E687}.Debug|Any CPU.ActiveCfg = Debug|Any CPU
		{FAFF254E-8423-B818-D343-445E99F9E687}.Debug|Any CPU.Build.0 = Debug|Any CPU
		{FAFF254E-8423-B818-D343-445E99F9E687}.Release|Any CPU.ActiveCfg = Release|Any CPU
		{FAFF254E-8423-B818-D343-445E99F9E687}.Release|Any CPU.Build.0 = Release|Any CPU
	EndGlobalSection
	GlobalSection(SolutionProperties) = preSolution
		HideSolutionNode = FALSE
	EndGlobalSection
EndGlobal
